PODS:
  - FLEX (4.1.1)
  - Masonry (1.1.0)
  - MBProgressHUD (1.2.0)
  - RTRootNavigationController (0.7.2):
    - RTRootNavigationController/Core (= 0.7.2)
  - RTRootNavigationController/Core (0.7.2)
  - SDWebImage (5.9.0):
    - SDWebImage/Core (= 5.9.0)
  - SDWebImage/Core (5.9.0)
  - TKiOSUtils (0.1.0)
  - WMPageController (2.5.2)
  - YYCategories (1.0.4):
    - YYCategories/no-arc (= 1.0.4)
  - YYCategories/no-arc (1.0.4)

DEPENDENCIES:
  - FLEX (= 4.1.1)
  - Masonry
  - MBProgressHUD
  - RTRootNavigationController (= 0.7.2)
  - SDWebImage (= 5.9.0)
  - TKiOSUtils (from `../../TKiOSUtils`)
  - WMPageController (= 2.5.2)
  - YYCategories

SPEC REPOS:
  https://github.com/CocoaPods/Specs.git:
    - FLEX
    - Masonry
    - MBProgressHUD
    - RTRootNavigationController
    - SDWebImage
    - WMPageController
    - YYCategories

EXTERNAL SOURCES:
  TKiOSUtils:
    :path: "../../TKiOSUtils"

SPEC CHECKSUMS:
  FLEX: 81096107977a09836eb440173010ceeef01105d6
  Masonry: 678fab65091a9290e40e2832a55e7ab731aad201
  MBProgressHUD: 3ee5efcc380f6a79a7cc9b363dd669c5e1ae7406
  RTRootNavigationController: 8344c2352d6d40fa370d0366efae2c84a945213f
  SDWebImage: 62ae4a18473520c67b79e9724c31a63599cc9423
  TKiOSUtils: a9a4689cb29e78850964fa6b62f43d4467fe10fb
  WMPageController: 0c7624d2b48e4f1ab92371688cf6744ed701575d
  YYCategories: 6bcd4314c6661a561410dce4a793379ebd306abd

PODFILE CHECKSUM: f51d38b095d57fd72ef1d43b5ce9b25cba57d4c2

COCOAPODS: 1.11.2
