PODS:
  - AFNetworking (4.0.1):
    - AFNetworking/NSURLSession (= 4.0.1)
    - AFNetworking/Reachability (= 4.0.1)
    - AFNetworking/Security (= 4.0.1)
    - AFNetworking/Serialization (= 4.0.1)
    - AFNetworking/UIKit (= 4.0.1)
  - AFNetworking/NSURLSession (4.0.1):
    - AFNetworking/Reachability
    - AFNetworking/Security
    - AFNetworking/Serialization
  - AFNetworking/Reachability (4.0.1)
  - AFNetworking/Security (4.0.1)
  - AFNetworking/Serialization (4.0.1)
  - AFNetworking/UIKit (4.0.1):
    - AFNetworking/NSURLSession
  - FPSLabel (1.0.1)

DEPENDENCIES:
  - AFNetworking
  - FPSLabel

SPEC REPOS:
  trunk:
    - AFNetworking
    - FPSLabel

SPEC CHECKSUMS:
  AFNetworking: 7864c38297c79aaca1500c33288e429c3451fdce
  FPSLabel: a6386de76a8fa767102bcb2c18b7c605a3ac3d75

PODFILE CHECKSUM: a5cf27929054432135f98ebc284df8628854a9b8

COCOAPODS: 1.11.2
